langcode: en
status: true
dependencies:
  module:
    - hdbt_content
  theme:
    - hdbt
id: footertopblock
theme: hdbt
region: footer_top
weight: -3
provider: null
plugin: footer_top_block
settings:
  id: footer_top_block
  label: 'Footer top block'
  provider: hdbt_content
  label_display: '0'
visibility: {  }
