langcode: en
status: true
dependencies:
  module:
    - ctools
    - hdbt_content
  theme:
    - hdbt
id: heroblock
theme: hdbt
region: before_content
weight: -5
provider: null
plugin: hero_block
settings:
  id: hero_block
  label: 'Hero block'
  provider: hdbt_content
  label_display: '0'
visibility:
  'entity_bundle:node':
    id: 'entity_bundle:node'
    bundles:
      landing_page: landing_page
      page: page
    negate: false
    context_mapping:
      node: '@node.node_route_context:node'
